// !$*UTF8*$!
{
	archiveVersion = 1;
	classes = {
	};
	objectVersion = 50;
	objects = {

/* Begin PBXBuildFile section */
		4D1072202450FA6B00E4A825 /* AppDelegate.swift in Sources */ = {isa = PBXBuildFile; fileRef = 4D10721F2450FA6B00E4A825 /* AppDelegate.swift */; };
		4D1072222450FA6B00E4A825 /* SceneDelegate.swift in Sources */ = {isa = PBXBuildFile; fileRef = 4D1072212450FA6B00E4A825 /* SceneDelegate.swift */; };
		4D1072242450FA6B00E4A825 /* ContentView.swift in Sources */ = {isa = PBXBuildFile; fileRef = 4D1072232450FA6B00E4A825 /* ContentView.swift */; };
		4D1072262450FA6F00E4A825 /* Assets.xcassets in Resources */ = {isa = PBXBuildFile; fileRef = 4D1072252450FA6F00E4A825 /* Assets.xcassets */; };
		4D1072292450FA6F00E4A825 /* Preview Assets.xcassets in Resources */ = {isa = PBXBuildFile; fileRef = 4D1072282450FA6F00E4A825 /* Preview Assets.xcassets */; };
		4D10722C2450FA6F00E4A825 /* LaunchScreen.storyboard in Resources */ = {isa = PBXBuildFile; fileRef = 4D10722A2450FA6F00E4A825 /* LaunchScreen.storyboard */; };
		4D1072382451052D00E4A825 /* Food.swift in Sources */ = {isa = PBXBuildFile; fileRef = 4D1072372451052D00E4A825 /* Food.swift */; };
		4D10723A2451143600E4A825 /* FoodView.swift in Sources */ = {isa = PBXBuildFile; fileRef = 4D1072392451143600E4A825 /* FoodView.swift */; };
		4D1072422451198200E4A825 /* HomeView.swift in Sources */ = {isa = PBXBuildFile; fileRef = 4D1072412451198200E4A825 /* HomeView.swift */; };
		4D107246245124F300E4A825 /* MachineView.swift in Sources */ = {isa = PBXBuildFile; fileRef = 4D107245245124F300E4A825 /* MachineView.swift */; };
		4D10724824513B3E00E4A825 /* Person.swift in Sources */ = {isa = PBXBuildFile; fileRef = 4D10724724513B3E00E4A825 /* Person.swift */; };
		4D10724E245212FA00E4A825 /* OnboardingView.swift in Sources */ = {isa = PBXBuildFile; fileRef = 4D10724D245212FA00E4A825 /* OnboardingView.swift */; };
		4D10725324521F5B00E4A825 /* PageViewController.swift in Sources */ = {isa = PBXBuildFile; fileRef = 4D10725224521F5B00E4A825 /* PageViewController.swift */; };
		4D107255245295EA00E4A825 /* NavTest.swift in Sources */ = {isa = PBXBuildFile; fileRef = 4D107254245295EA00E4A825 /* NavTest.swift */; };
/* End PBXBuildFile section */

/* Begin PBXFileReference section */
		4D10721C2450FA6B00E4A825 /* FitnessTracker.app */ = {isa = PBXFileReference; explicitFileType = wrapper.application; includeInIndex = 0; path = FitnessTracker.app; sourceTree = BUILT_PRODUCTS_DIR; };
		4D10721F2450FA6B00E4A825 /* AppDelegate.swift */ = {isa = PBXFileReference; lastKnownFileType = sourcecode.swift; path = AppDelegate.swift; sourceTree = "<group>"; };
		4D1072212450FA6B00E4A825 /* SceneDelegate.swift */ = {isa = PBXFileReference; lastKnownFileType = sourcecode.swift; path = SceneDelegate.swift; sourceTree = "<group>"; };
		4D1072232450FA6B00E4A825 /* ContentView.swift */ = {isa = PBXFileReference; lastKnownFileType = sourcecode.swift; path = ContentView.swift; sourceTree = "<group>"; };
		4D1072252450FA6F00E4A825 /* Assets.xcassets */ = {isa = PBXFileReference; lastKnownFileType = folder.assetcatalog; path = Assets.xcassets; sourceTree = "<group>"; };
		4D1072282450FA6F00E4A825 /* Preview Assets.xcassets */ = {isa = PBXFileReference; lastKnownFileType = folder.assetcatalog; path = "Preview Assets.xcassets"; sourceTree = "<group>"; };
		4D10722B2450FA6F00E4A825 /* Base */ = {isa = PBXFileReference; lastKnownFileType = file.storyboard; name = Base; path = Base.lproj/LaunchScreen.storyboard; sourceTree = "<group>"; };
		4D10722D2450FA6F00E4A825 /* Info.plist */ = {isa = PBXFileReference; lastKnownFileType = text.plist.xml; path = Info.plist; sourceTree = "<group>"; };
		4D1072372451052D00E4A825 /* Food.swift */ = {isa = PBXFileReference; lastKnownFileType = sourcecode.swift; path = Food.swift; sourceTree = "<group>"; };
		4D1072392451143600E4A825 /* FoodView.swift */ = {isa = PBXFileReference; lastKnownFileType = sourcecode.swift; path = FoodView.swift; sourceTree = "<group>"; };
		4D1072412451198200E4A825 /* HomeView.swift */ = {isa = PBXFileReference; lastKnownFileType = sourcecode.swift; path = HomeView.swift; sourceTree = "<group>"; };
		4D107245245124F300E4A825 /* MachineView.swift */ = {isa = PBXFileReference; lastKnownFileType = sourcecode.swift; path = MachineView.swift; sourceTree = "<group>"; };
		4D10724724513B3E00E4A825 /* Person.swift */ = {isa = PBXFileReference; lastKnownFileType = sourcecode.swift; path = Person.swift; sourceTree = "<group>"; };
		4D10724D245212FA00E4A825 /* OnboardingView.swift */ = {isa = PBXFileReference; explicitFileType = sourcecode.swift; path = OnboardingView.swift; sourceTree = "<group>"; usesTabs = 0; };
		4D10725224521F5B00E4A825 /* PageViewController.swift */ = {isa = PBXFileReference; lastKnownFileType = sourcecode.swift; path = PageViewController.swift; sourceTree = "<group>"; };
		4D107254245295EA00E4A825 /* NavTest.swift */ = {isa = PBXFileReference; lastKnownFileType = sourcecode.swift; path = NavTest.swift; sourceTree = "<group>"; };
/* End PBXFileReference section */

/* Begin PBXFrameworksBuildPhase section */
		4D1072192450FA6B00E4A825 /* Frameworks */ = {
			isa = PBXFrameworksBuildPhase;
			buildActionMask = 2147483647;
			files = (
			);
			runOnlyForDeploymentPostprocessing = 0;
		};
/* End PBXFrameworksBuildPhase section */

/* Begin PBXGroup section */
		4D1072132450FA6B00E4A825 = {
			isa = PBXGroup;
			children = (
				4D10721E2450FA6B00E4A825 /* FitnessTracker */,
				4D10721D2450FA6B00E4A825 /* Products */,
			);
			sourceTree = "<group>";
		};
		4D10721D2450FA6B00E4A825 /* Products */ = {
			isa = PBXGroup;
			children = (
				4D10721C2450FA6B00E4A825 /* FitnessTracker.app */,
			);
			name = Products;
			sourceTree = "<group>";
		};
		4D10721E2450FA6B00E4A825 /* FitnessTracker */ = {
			isa = PBXGroup;
			children = (
				4D10721F2450FA6B00E4A825 /* AppDelegate.swift */,
				4D1072212450FA6B00E4A825 /* SceneDelegate.swift */,
				4D1072372451052D00E4A825 /* Food.swift */,
				4D1072232450FA6B00E4A825 /* ContentView.swift */,
				4D1072412451198200E4A825 /* HomeView.swift */,
				4D107245245124F300E4A825 /* MachineView.swift */,
				4D1072392451143600E4A825 /* FoodView.swift */,
				4D10724724513B3E00E4A825 /* Person.swift */,
				4D10724D245212FA00E4A825 /* OnboardingView.swift */,
				4D107254245295EA00E4A825 /* NavTest.swift */,
				4D10725124521F3200E4A825 /* ViewControllers */,
				4D1072252450FA6F00E4A825 /* Assets.xcassets */,
				4D10722A2450FA6F00E4A825 /* LaunchScreen.storyboard */,
				4D10722D2450FA6F00E4A825 /* Info.plist */,
				4D1072272450FA6F00E4A825 /* Preview Content */,
			);
			path = FitnessTracker;
			sourceTree = "<group>";
		};
		4D1072272450FA6F00E4A825 /* Preview Content */ = {
			isa = PBXGroup;
			children = (
				4D1072282450FA6F00E4A825 /* Preview Assets.xcassets */,
			);
			path = "Preview Content";
			sourceTree = "<group>";
		};
		4D10725124521F3200E4A825 /* ViewControllers */ = {
			isa = PBXGroup;
			children = (
				4D10725224521F5B00E4A825 /* PageViewController.swift */,
			);
			path = ViewControllers;
			sourceTree = "<group>";
		};
/* End PBXGroup section */

/* Begin PBXNativeTarget section */
		4D10721B2450FA6B00E4A825 /* FitnessTracker */ = {
			isa = PBXNativeTarget;
			buildConfigurationList = 4D1072302450FA6F00E4A825 /* Build configuration list for PBXNativeTarget "FitnessTracker" */;
			buildPhases = (
				4D1072182450FA6B00E4A825 /* Sources */,
				4D1072192450FA6B00E4A825 /* Frameworks */,
				4D10721A2450FA6B00E4A825 /* Resources */,
			);
			buildRules = (
			);
			dependencies = (
			);
			name = FitnessTracker;
			productName = FitnessTracker;
			productReference = 4D10721C2450FA6B00E4A825 /* FitnessTracker.app */;
			productType = "com.apple.product-type.application";
		};
/* End PBXNativeTarget section */

/* Begin PBXProject section */
		4D1072142450FA6B00E4A825 /* Project object */ = {
			isa = PBXProject;
			attributes = {
				LastSwiftUpdateCheck = 1140;
				LastUpgradeCheck = 1140;
				ORGANIZATIONNAME = "V&M";
				TargetAttributes = {
					4D10721B2450FA6B00E4A825 = {
						CreatedOnToolsVersion = 11.4.1;
					};
				};
			};
			buildConfigurationList = 4D1072172450FA6B00E4A825 /* Build configuration list for PBXProject "FitnessTracker" */;
			compatibilityVersion = "Xcode 9.3";
			developmentRegion = en;
			hasScannedForEncodings = 0;
			knownRegions = (
				en,
				Base,
			);
			mainGroup = 4D1072132450FA6B00E4A825;
			productRefGroup = 4D10721D2450FA6B00E4A825 /* Products */;
			projectDirPath = "";
			projectRoot = "";
			targets = (
				4D10721B2450FA6B00E4A825 /* FitnessTracker */,
			);
		};
/* End PBXProject section */

/* Begin PBXResourcesBuildPhase section */
		4D10721A2450FA6B00E4A825 /* Resources */ = {
			isa = PBXResourcesBuildPhase;
			buildActionMask = 2147483647;
			files = (
				4D10722C2450FA6F00E4A825 /* LaunchScreen.storyboard in Resources */,
				4D1072292450FA6F00E4A825 /* Preview Assets.xcassets in Resources */,
				4D1072262450FA6F00E4A825 /* Assets.xcassets in Resources */,
			);
			runOnlyForDeploymentPostprocessing = 0;
		};
/* End PBXResourcesBuildPhase section */

/* Begin PBXSourcesBuildPhase section */
		4D1072182450FA6B00E4A825 /* Sources */ = {
			isa = PBXSourcesBuildPhase;
			buildActionMask = 2147483647;
			files = (
				4D107246245124F300E4A825 /* MachineView.swift in Sources */,
				4D10725324521F5B00E4A825 /* PageViewController.swift in Sources */,
				4D1072202450FA6B00E4A825 /* AppDelegate.swift in Sources */,
				4D10723A2451143600E4A825 /* FoodView.swift in Sources */,
				4D107255245295EA00E4A825 /* NavTest.swift in Sources */,
				4D10724E245212FA00E4A825 /* OnboardingView.swift in Sources */,
				4D1072382451052D00E4A825 /* Food.swift in Sources */,
				4D1072422451198200E4A825 /* HomeView.swift in Sources */,
				4D1072222450FA6B00E4A825 /* SceneDelegate.swift in Sources */,
				4D10724824513B3E00E4A825 /* Person.swift in Sources */,
				4D1072242450FA6B00E4A825 /* ContentView.swift in Sources */,
			);
			runOnlyForDeploymentPostprocessing = 0;
		};
/* End PBXSourcesBuildPhase section */

/* Begin PBXVariantGroup section */
		4D10722A2450FA6F00E4A825 /* LaunchScreen.storyboard */ = {
			isa = PBXVariantGroup;
			children = (
				4D10722B2450FA6F00E4A825 /* Base */,
			);
			name = LaunchScreen.storyboard;
			sourceTree = "<group>";
		};
/* End PBXVariantGroup section */

/* Begin XCBuildConfiguration section */
		4D10722E2450FA6F00E4A825 /* Debug */ = {
			isa = XCBuildConfiguration;
			buildSettings = {
				ALWAYS_SEARCH_USER_PATHS = NO;
				CLANG_ANALYZER_NONNULL = YES;
				CLANG_ANALYZER_NUMBER_OBJECT_CONVERSION = YES_AGGRESSIVE;
				CLANG_CXX_LANGUAGE_STANDARD = "gnu++14";
				CLANG_CXX_LIBRARY = "libc++";
				CLANG_ENABLE_MODULES = YES;
				CLANG_ENABLE_OBJC_ARC = YES;
				CLANG_ENABLE_OBJC_WEAK = YES;
				CLANG_WARN_BLOCK_CAPTURE_AUTORELEASING = YES;
				CLANG_WARN_BOOL_CONVERSION = YES;
				CLANG_WARN_COMMA = YES;
				CLANG_WARN_CONSTANT_CONVERSION = YES;
				CLANG_WARN_DEPRECATED_OBJC_IMPLEMENTATIONS = YES;
				CLANG_WARN_DIRECT_OBJC_ISA_USAGE = YES_ERROR;
				CLANG_WARN_DOCUMENTATION_COMMENTS = YES;
				CLANG_WARN_EMPTY_BODY = YES;
				CLANG_WARN_ENUM_CONVERSION = YES;
				CLANG_WARN_INFINITE_RECURSION = YES;
				CLANG_WARN_INT_CONVERSION = YES;
				CLANG_WARN_NON_LITERAL_NULL_CONVERSION = YES;
				CLANG_WARN_OBJC_IMPLICIT_RETAIN_SELF = YES;
				CLANG_WARN_OBJC_LITERAL_CONVERSION = YES;
				CLANG_WARN_OBJC_ROOT_CLASS = YES_ERROR;
				CLANG_WARN_RANGE_LOOP_ANALYSIS = YES;
				CLANG_WARN_STRICT_PROTOTYPES = YES;
				CLANG_WARN_SUSPICIOUS_MOVE = YES;
				CLANG_WARN_UNGUARDED_AVAILABILITY = YES_AGGRESSIVE;
				CLANG_WARN_UNREACHABLE_CODE = YES;
				CLANG_WARN__DUPLICATE_METHOD_MATCH = YES;
				COPY_PHASE_STRIP = NO;
				DEBUG_INFORMATION_FORMAT = dwarf;
				ENABLE_STRICT_OBJC_MSGSEND = YES;
				ENABLE_TESTABILITY = YES;
				GCC_C_LANGUAGE_STANDARD = gnu11;
				GCC_DYNAMIC_NO_PIC = NO;
				GCC_NO_COMMON_BLOCKS = YES;
				GCC_OPTIMIZATION_LEVEL = 0;
				GCC_PREPROCESSOR_DEFINITIONS = (
					"DEBUG=1",
					"$(inherited)",
				);
				GCC_WARN_64_TO_32_BIT_CONVERSION = YES;
				GCC_WARN_ABOUT_RETURN_TYPE = YES_ERROR;
				GCC_WARN_UNDECLARED_SELECTOR = YES;
				GCC_WARN_UNINITIALIZED_AUTOS = YES_AGGRESSIVE;
				GCC_WARN_UNUSED_FUNCTION = YES;
				GCC_WARN_UNUSED_VARIABLE = YES;
				IPHONEOS_DEPLOYMENT_TARGET = 13.4;
				MTL_ENABLE_DEBUG_INFO = INCLUDE_SOURCE;
				MTL_FAST_MATH = YES;
				ONLY_ACTIVE_ARCH = YES;
				SDKROOT = iphoneos;
				SWIFT_ACTIVE_COMPILATION_CONDITIONS = DEBUG;
				SWIFT_OPTIMIZATION_LEVEL = "-Onone";
			};
			name = Debug;
		};
		4D10722F2450FA6F00E4A825 /* Release */ = {
			isa = XCBuildConfiguration;
			buildSettings = {
				ALWAYS_SEARCH_USER_PATHS = NO;
				CLANG_ANALYZER_NONNULL = YES;
				CLANG_ANALYZER_NUMBER_OBJECT_CONVERSION = YES_AGGRESSIVE;
				CLANG_CXX_LANGUAGE_STANDARD = "gnu++14";
				CLANG_CXX_LIBRARY = "libc++";
				CLANG_ENABLE_MODULES = YES;
				CLANG_ENABLE_OBJC_ARC = YES;
				CLANG_ENABLE_OBJC_WEAK = YES;
				CLANG_WARN_BLOCK_CAPTURE_AUTORELEASING = YES;
				CLANG_WARN_BOOL_CONVERSION = YES;
				CLANG_WARN_COMMA = YES;
				CLANG_WARN_CONSTANT_CONVERSION = YES;
				CLANG_WARN_DEPRECATED_OBJC_IMPLEMENTATIONS = YES;
				CLANG_WARN_DIRECT_OBJC_ISA_USAGE = YES_ERROR;
				CLANG_WARN_DOCUMENTATION_COMMENTS = YES;
				CLANG_WARN_EMPTY_BODY = YES;
				CLANG_WARN_ENUM_CONVERSION = YES;
				CLANG_WARN_INFINITE_RECURSION = YES;
				CLANG_WARN_INT_CONVERSION = YES;
				CLANG_WARN_NON_LITERAL_NULL_CONVERSION = YES;
				CLANG_WARN_OBJC_IMPLICIT_RETAIN_SELF = YES;
				CLANG_WARN_OBJC_LITERAL_CONVERSION = YES;
				CLANG_WARN_OBJC_ROOT_CLASS = YES_ERROR;
				CLANG_WARN_RANGE_LOOP_ANALYSIS = YES;
				CLANG_WARN_STRICT_PROTOTYPES = YES;
				CLANG_WARN_SUSPICIOUS_MOVE = YES;
				CLANG_WARN_UNGUARDED_AVAILABILITY = YES_AGGRESSIVE;
				CLANG_WARN_UNREACHABLE_CODE = YES;
				CLANG_WARN__DUPLICATE_METHOD_MATCH = YES;
				COPY_PHASE_STRIP = NO;
				DEBUG_INFORMATION_FORMAT = "dwarf-with-dsym";
				ENABLE_NS_ASSERTIONS = NO;
				ENABLE_STRICT_OBJC_MSGSEND = YES;
				GCC_C_LANGUAGE_STANDARD = gnu11;
				GCC_NO_COMMON_BLOCKS = YES;
				GCC_WARN_64_TO_32_BIT_CONVERSION = YES;
				GCC_WARN_ABOUT_RETURN_TYPE = YES_ERROR;
				GCC_WARN_UNDECLARED_SELECTOR = YES;
				GCC_WARN_UNINITIALIZED_AUTOS = YES_AGGRESSIVE;
				GCC_WARN_UNUSED_FUNCTION = YES;
				GCC_WARN_UNUSED_VARIABLE = YES;
				IPHONEOS_DEPLOYMENT_TARGET = 13.4;
				MTL_ENABLE_DEBUG_INFO = NO;
				MTL_FAST_MATH = YES;
				SDKROOT = iphoneos;
				SWIFT_COMPILATION_MODE = wholemodule;
				SWIFT_OPTIMIZATION_LEVEL = "-O";
				VALIDATE_PRODUCT = YES;
			};
			name = Release;
		};
		4D1072312450FA6F00E4A825 /* Debug */ = {
			isa = XCBuildConfiguration;
			buildSettings = {
				ASSETCATALOG_COMPILER_APPICON_NAME = AppIcon;
				CODE_SIGN_STYLE = Automatic;
				DEVELOPMENT_ASSET_PATHS = "\"FitnessTracker/Preview Content\"";
				ENABLE_PREVIEWS = YES;
				INFOPLIST_FILE = FitnessTracker/Info.plist;
				LD_RUNPATH_SEARCH_PATHS = (
					"$(inherited)",
					"@executable_path/Frameworks",
				);
				PRODUCT_BUNDLE_IDENTIFIER = com.example.FitnessTracker;
				PRODUCT_NAME = "$(TARGET_NAME)";
				SWIFT_VERSION = 5.0;
				TARGETED_DEVICE_FAMILY = "1,2";
			};
			name = Debug;
		};
		4D1072322450FA6F00E4A825 /* Release */ = {
			isa = XCBuildConfiguration;
			buildSettings = {
				ASSETCATALOG_COMPILER_APPICON_NAME = AppIcon;
				CODE_SIGN_STYLE = Automatic;
				DEVELOPMENT_ASSET_PATHS = "\"FitnessTracker/Preview Content\"";
				ENABLE_PREVIEWS = YES;
				INFOPLIST_FILE = FitnessTracker/Info.plist;
				LD_RUNPATH_SEARCH_PATHS = (
					"$(inherited)",
					"@executable_path/Frameworks",
				);
				PRODUCT_BUNDLE_IDENTIFIER = com.example.FitnessTracker;
				PRODUCT_NAME = "$(TARGET_NAME)";
				SWIFT_VERSION = 5.0;
				TARGETED_DEVICE_FAMILY = "1,2";
			};
			name = Release;
		};
/* End XCBuildConfiguration section */

/* Begin XCConfigurationList section */
		4D1072172450FA6B00E4A825 /* Build configuration list for PBXProject "FitnessTracker" */ = {
			isa = XCConfigurationList;
			buildConfigurations = (
				4D10722E2450FA6F00E4A825 /* Debug */,
				4D10722F2450FA6F00E4A825 /* Release */,
			);
			defaultConfigurationIsVisible = 0;
			defaultConfigurationName = Release;
		};
		4D1072302450FA6F00E4A825 /* Build configuration list for PBXNativeTarget "FitnessTracker" */ = {
			isa = XCConfigurationList;
			buildConfigurations = (
				4D1072312450FA6F00E4A825 /* Debug */,
				4D1072322450FA6F00E4A825 /* Release */,
			);
			defaultConfigurationIsVisible = 0;
			defaultConfigurationName = Release;
		};
/* End XCConfigurationList section */
	};
	rootObject = 4D1072142450FA6B00E4A825 /* Project object */;
}
